
Microsoft Visual Studio Solution File, Format Version 12.00
# Visual Studio Version 17
VisualStudioVersion = 17.2.32516.85
MinimumVisualStudioVersion = 10.0.40219.1
Project("{FAE04EC0-301F-11D3-BF4B-00C04F79EFBC}") = "TimerGUI", "TimerGUI\TimerGUI.csproj", "{04BC596A-FD92-4DF4-AD0D-5B5325587D8C}"
EndProject
Global
	GlobalSection(SolutionConfigurationPlatforms) = preSolution
		Debug|Any CPU = Debug|Any CPU
		Release|Any CPU = Release|Any CPU
	EndGlobalSection
	GlobalSection(ProjectConfigurationPlatforms) = postSolution
		{04BC596A-FD92-4DF4-AD0D-5B5325587D8C}.Debug|Any CPU.ActiveCfg = Debug|Any CPU
		{04BC596A-FD92-4DF4-AD0D-5B5325587D8C}.Debug|Any CPU.Build.0 = Debug|Any CPU
		{04BC596A-FD92-4DF4-AD0D-5B5325587D8C}.Release|Any CPU.ActiveCfg = Release|Any CPU
		{04BC596A-FD92-4DF4-AD0D-5B5325587D8C}.Release|Any CPU.Build.0 = Release|Any CPU
	EndGlobalSection
	GlobalSection(SolutionProperties) = preSolution
		HideSolutionNode = FALSE
	EndGlobalSection
	GlobalSection(ExtensibilityGlobals) = postSolution
		SolutionGuid = {3CFBBBF6-F8FC-4EFD-B80A-0B89A36F3967}
	EndGlobalSection
EndGlobal
